// !$*UTF8*$!
{
	archiveVersion = 1;
	classes = {
	};
	objectVersion = 56;
	objects = {

/* Begin PBXBuildFile section */
		CE2F02592BFA2F9200EE3919 /* MainScreen.swift in Sources */ = {isa = PBXBuildFile; fileRef = CE2F02582BFA2F9200EE3919 /* MainScreen.swift */; };
		CE2F025D2BFA4BF000EE3919 /* LoadingView.swift in Sources */ = {isa = PBXBuildFile; fileRef = CE2F025C2BFA4BF000EE3919 /* LoadingView.swift */; };
		CE2F75262C42EB2F00076DC3 /* ContainerMenuScreen.swift in Sources */ = {isa = PBXBuildFile; fileRef = CE2F75252C42EB2F00076DC3 /* ContainerMenuScreen.swift */; };
		CE31AA302BC1F8A800B9D4EE /* LetsToolsApp.swift in Sources */ = {isa = PBXBuildFile; fileRef = CE31AA2F2BC1F8A800B9D4EE /* LetsToolsApp.swift */; };
		CE31AA3E2BC1F8E400B9D4EE /* HomeScreen.swift in Sources */ = {isa = PBXBuildFile; fileRef = CE31AA3D2BC1F8E400B9D4EE /* HomeScreen.swift */; };
		CE31AA412BC20C9300B9D4EE /* RingProgressBar.swift in Sources */ = {isa = PBXBuildFile; fileRef = CE31AA402BC20C9300B9D4EE /* RingProgressBar.swift */; };
		CE8D1ECA2BC29A7E00263EDC /* RingProgressBarScreen.swift in Sources */ = {isa = PBXBuildFile; fileRef = CE8D1EC92BC29A7E00263EDC /* RingProgressBarScreen.swift */; };
		CE9D07832C1DF5D8004C1813 /* CutCardScreen.swift in Sources */ = {isa = PBXBuildFile; fileRef = CE9D07822C1DF5D8004C1813 /* CutCardScreen.swift */; };
		CEB73EAF2BF918A60095F300 /* MaskScreen.swift in Sources */ = {isa = PBXBuildFile; fileRef = CEB73EAE2BF918A60095F300 /* MaskScreen.swift */; };
		D9084E1A2D3825360036E871 /* FeedData.swift in Sources */ = {isa = PBXBuildFile; fileRef = D9084E192D3825360036E871 /* FeedData.swift */; };
		D9084E1C2D38253F0036E871 /* FeedResponse.swift in Sources */ = {isa = PBXBuildFile; fileRef = D9084E1B2D38253F0036E871 /* FeedResponse.swift */; };
		D9084E202D3831BF0036E871 /* UserData.swift in Sources */ = {isa = PBXBuildFile; fileRef = D9084E1F2D3831BF0036E871 /* UserData.swift */; };
		D9084E222D3831D00036E871 /* UserResponse.swift in Sources */ = {isa = PBXBuildFile; fileRef = D9084E212D3831D00036E871 /* UserResponse.swift */; };
		D9084E242D3832220036E871 /* StoryData.swift in Sources */ = {isa = PBXBuildFile; fileRef = D9084E232D3832220036E871 /* StoryData.swift */; };
		D9084E262D3832320036E871 /* StoryResponse.swift in Sources */ = {isa = PBXBuildFile; fileRef = D9084E252D3832320036E871 /* StoryResponse.swift */; };
		D9084E2E2D38417F0036E871 /* FBCloneHomeView.swift in Sources */ = {isa = PBXBuildFile; fileRef = D9084E2D2D38417F0036E871 /* FBCloneHomeView.swift */; };
		D913AADB2D53325400820A45 /* VideoDetailView.swift in Sources */ = {isa = PBXBuildFile; fileRef = D913AADA2D53325400820A45 /* VideoDetailView.swift */; };
		D9156D182D568B8700A59ED5 /* BnbSitesResponse.swift in Sources */ = {isa = PBXBuildFile; fileRef = D9156D172D568B8700A59ED5 /* BnbSitesResponse.swift */; };
		D9156D1A2D568B9800A59ED5 /* BnbSitesData.swift in Sources */ = {isa = PBXBuildFile; fileRef = D9156D192D568B9800A59ED5 /* BnbSitesData.swift */; };
		D92793A62D564C7500E0948D /* AirbnbHomeScreen.swift in Sources */ = {isa = PBXBuildFile; fileRef = D92793A52D564C7500E0948D /* AirbnbHomeScreen.swift */; };
		D92793A82D56572500E0948D /* BnbCategories.swift in Sources */ = {isa = PBXBuildFile; fileRef = D92793A72D56572500E0948D /* BnbCategories.swift */; };
		D92793AA2D5657C700E0948D /* BnbCategoryData.swift in Sources */ = {isa = PBXBuildFile; fileRef = D92793A92D5657C700E0948D /* BnbCategoryData.swift */; };
		D92983C82D50A7130053E4DA /* CategoryResponse.swift in Sources */ = {isa = PBXBuildFile; fileRef = D92983C72D50A7130053E4DA /* CategoryResponse.swift */; };
		D92983CA2D50A71A0053E4DA /* CategoryData.swift in Sources */ = {isa = PBXBuildFile; fileRef = D92983C92D50A71A0053E4DA /* CategoryData.swift */; };
		D92983CD2D50A85C0053E4DA /* VideoSectionResponse.swift in Sources */ = {isa = PBXBuildFile; fileRef = D92983CC2D50A85C0053E4DA /* VideoSectionResponse.swift */; };
		D92983CF2D50A86E0053E4DA /* VideoSectionData.swift in Sources */ = {isa = PBXBuildFile; fileRef = D92983CE2D50A86E0053E4DA /* VideoSectionData.swift */; };
		D92983D12D50B4110053E4DA /* YTCloneHomeView.swift in Sources */ = {isa = PBXBuildFile; fileRef = D92983D02D50B4110053E4DA /* YTCloneHomeView.swift */; };
		D92AC1632D3634530020B56D /* User.swift in Sources */ = {isa = PBXBuildFile; fileRef = D92AC1622D3634530020B56D /* User.swift */; };
		D93452BA2D46336F008769C3 /* UberCloneHomeView.swift in Sources */ = {isa = PBXBuildFile; fileRef = D93452B92D46336F008769C3 /* UberCloneHomeView.swift */; };
		D95EEB4C2D70E60900CD500D /* BookDetailsView.swift in Sources */ = {isa = PBXBuildFile; fileRef = D95EEB4B2D70E60900CD500D /* BookDetailsView.swift */; };
		D961696C2D5DE45E004DF017 /* ImageCarousel.swift in Sources */ = {isa = PBXBuildFile; fileRef = D961696B2D5DE45E004DF017 /* ImageCarousel.swift */; };
		D96260222D6F3CB500973A1D /* BooksHomeView.swift in Sources */ = {isa = PBXBuildFile; fileRef = D96260212D6F3CB500973A1D /* BooksHomeView.swift */; };
		D96260242D6F3D1B00973A1D /* BookResponse.swift in Sources */ = {isa = PBXBuildFile; fileRef = D96260232D6F3CE500973A1D /* BookResponse.swift */; };
		D96260262D6F586000973A1D /* BooksData.swift in Sources */ = {isa = PBXBuildFile; fileRef = D96260252D6F586000973A1D /* BooksData.swift */; };
		D962E1452D38625600C7CBA1 /* Kingfisher in Frameworks */ = {isa = PBXBuildFile; productRef = D962E1442D38625600C7CBA1 /* Kingfisher */; };
		D96F0F072D637F070011BC93 /* DetailView.swift in Sources */ = {isa = PBXBuildFile; fileRef = D96F0F062D637F070011BC93 /* DetailView.swift */; };
		D971E4542D3ED923008F93D5 /* UberRidesScreen.swift in Sources */ = {isa = PBXBuildFile; fileRef = D971E4532D3ED923008F93D5 /* UberRidesScreen.swift */; };
		D971E4562D3ED931008F93D5 /* UberEatsScreen.swift in Sources */ = {isa = PBXBuildFile; fileRef = D971E4552D3ED931008F93D5 /* UberEatsScreen.swift */; };
		D971E4582D3F6CEA008F93D5 /* UberHomeView.swift in Sources */ = {isa = PBXBuildFile; fileRef = D971E4572D3F6CEA008F93D5 /* UberHomeView.swift */; };
		D971E45D2D3FBFDB008F93D5 /* RideHistoryResponse.swift in Sources */ = {isa = PBXBuildFile; fileRef = D971E45C2D3FBFDB008F93D5 /* RideHistoryResponse.swift */; };
		D971E45F2D3FC0B3008F93D5 /* RideHistoryData.swift in Sources */ = {isa = PBXBuildFile; fileRef = D971E45E2D3FC0B3008F93D5 /* RideHistoryData.swift */; };
		D976FE9E2D4F770700BB6F92 /* VideoDetailsView.swift in Sources */ = {isa = PBXBuildFile; fileRef = D976FE9D2D4F770700BB6F92 /* VideoDetailsView.swift */; };
		D978703B2D439C5300012B8D /* FeaturedRestaurantResponse.swift in Sources */ = {isa = PBXBuildFile; fileRef = D978703A2D439C5300012B8D /* FeaturedRestaurantResponse.swift */; };
		D978703D2D439C5E00012B8D /* FeaturedRestaurantData.swift in Sources */ = {isa = PBXBuildFile; fileRef = D978703C2D439C5E00012B8D /* FeaturedRestaurantData.swift */; };
		D97F2FA82D4CE14600ADD73E /* VideoResponse.swift in Sources */ = {isa = PBXBuildFile; fileRef = D97F2FA72D4CE14600ADD73E /* VideoResponse.swift */; };
		D97F2FAA2D4CE14E00ADD73E /* VideoData.swift in Sources */ = {isa = PBXBuildFile; fileRef = D97F2FA92D4CE14E00ADD73E /* VideoData.swift */; };
		D983A2EF2D1699FB00A7C3CE /* NewsFeedItem.swift in Sources */ = {isa = PBXBuildFile; fileRef = D983A2EE2D1699FB00A7C3CE /* NewsFeedItem.swift */; };
		D983A2F12D169B5800A7C3CE /* Assets.xcassets in Resources */ = {isa = PBXBuildFile; fileRef = D983A2F02D169B5800A7C3CE /* Assets.xcassets */; };
		D983A2F32D169B9900A7C3CE /* Media.xcassets in Resources */ = {isa = PBXBuildFile; fileRef = D983A2F22D169B9900A7C3CE /* Media.xcassets */; };
		D98582612D46092700DDBA94 /* EatsCategoryResponse.swift in Sources */ = {isa = PBXBuildFile; fileRef = D98582602D46092700DDBA94 /* EatsCategoryResponse.swift */; };
		D98582632D46093300DDBA94 /* EatsData.swift in Sources */ = {isa = PBXBuildFile; fileRef = D98582622D46093300DDBA94 /* EatsData.swift */; };
		D98582662D46099900DDBA94 /* EatsRestaurantResponse.swift in Sources */ = {isa = PBXBuildFile; fileRef = D98582652D46099900DDBA94 /* EatsRestaurantResponse.swift */; };
		D98582682D4609A500DDBA94 /* EatsRestaurantData.swift in Sources */ = {isa = PBXBuildFile; fileRef = D98582672D4609A500DDBA94 /* EatsRestaurantData.swift */; };
		D985826B2D460A9700DDBA94 /* RidesAdsResponse.swift in Sources */ = {isa = PBXBuildFile; fileRef = D985826A2D460A9700DDBA94 /* RidesAdsResponse.swift */; };
		D985826D2D460A9F00DDBA94 /* RidesAdsData.swift in Sources */ = {isa = PBXBuildFile; fileRef = D985826C2D460A9F00DDBA94 /* RidesAdsData.swift */; };
		D98582722D460B7700DDBA94 /* RidesHistoryResponse.swift in Sources */ = {isa = PBXBuildFile; fileRef = D98582712D460B7700DDBA94 /* RidesHistoryResponse.swift */; };
		D98582742D460B7F00DDBA94 /* RidesHistoryData.swift in Sources */ = {isa = PBXBuildFile; fileRef = D98582732D460B7F00DDBA94 /* RidesHistoryData.swift */; };
		D98582762D460B9000DDBA94 /* RidesSuggestionResponse.swift in Sources */ = {isa = PBXBuildFile; fileRef = D98582752D460B9000DDBA94 /* RidesSuggestionResponse.swift */; };
		D98582782D460B9900DDBA94 /* RidesSuggestionData.swift in Sources */ = {isa = PBXBuildFile; fileRef = D98582772D460B9900DDBA94 /* RidesSuggestionData.swift */; };
		D985827A2D4610E300DDBA94 /* TabData.swift in Sources */ = {isa = PBXBuildFile; fileRef = D98582792D4610E300DDBA94 /* TabData.swift */; };
		D985827C2D4610ED00DDBA94 /* TabResponse.swift in Sources */ = {isa = PBXBuildFile; fileRef = D985827B2D4610ED00DDBA94 /* TabResponse.swift */; };
		D98582812D4614DA00DDBA94 /* ColorExtension.swift in Sources */ = {isa = PBXBuildFile; fileRef = D98582802D4614DA00DDBA94 /* ColorExtension.swift */; };
		D99FA4132D4D174C003FD43A /* ShortsResponse.swift in Sources */ = {isa = PBXBuildFile; fileRef = D99FA4122D4D174C003FD43A /* ShortsResponse.swift */; };
		D99FA4152D4D1755003FD43A /* ShortsData.swift in Sources */ = {isa = PBXBuildFile; fileRef = D99FA4142D4D1755003FD43A /* ShortsData.swift */; };
		D9AE5AB32D58758B00452E5A /* AirbnbDetailsScreen.swift in Sources */ = {isa = PBXBuildFile; fileRef = D9AE5AB22D58758B00452E5A /* AirbnbDetailsScreen.swift */; };
		D9B258402D193EAC00A23D57 /* StoryAndReelTab.swift in Sources */ = {isa = PBXBuildFile; fileRef = D9B2583F2D193EAC00A23D57 /* StoryAndReelTab.swift */; };
		D9B258422D193EDC00A23D57 /* ReelsCart.swift in Sources */ = {isa = PBXBuildFile; fileRef = D9B258412D193EDC00A23D57 /* ReelsCart.swift */; };
		D9B479792D1A7F8600E84423 /* HeaderTitleView.swift in Sources */ = {isa = PBXBuildFile; fileRef = D9B479782D1A7F8600E84423 /* HeaderTitleView.swift */; };
		D9B4797B2D1A7FE600E84423 /* StatusCard.swift in Sources */ = {isa = PBXBuildFile; fileRef = D9B4797A2D1A7FE600E84423 /* StatusCard.swift */; };
		D9B73E322CF4CA7D00A63E04 /* FBHomeScreen.swift in Sources */ = {isa = PBXBuildFile; fileRef = D9B73E312CF4CA7D00A63E04 /* FBHomeScreen.swift */; };
		D9BD67732D629969001EAFFA /* BookingData.swift in Sources */ = {isa = PBXBuildFile; fileRef = D9BD67722D629969001EAFFA /* BookingData.swift */; };
		D9BD67752D62997C001EAFFA /* BookingResponse.swift in Sources */ = {isa = PBXBuildFile; fileRef = D9BD67742D62997C001EAFFA /* BookingResponse.swift */; };
		D9BD67782D631235001EAFFA /* DetailResponse.swift in Sources */ = {isa = PBXBuildFile; fileRef = D9BD67772D631235001EAFFA /* DetailResponse.swift */; };
		D9BD677A2D6312EE001EAFFA /* DetailData.swift in Sources */ = {isa = PBXBuildFile; fileRef = D9BD67792D6312EE001EAFFA /* DetailData.swift */; };
		D9BD677C2D6312FB001EAFFA /* HostListResponse.swift in Sources */ = {isa = PBXBuildFile; fileRef = D9BD677B2D6312FB001EAFFA /* HostListResponse.swift */; };
		D9BD677E2D631354001EAFFA /* PlaceOfferResponse.swift in Sources */ = {isa = PBXBuildFile; fileRef = D9BD677D2D631354001EAFFA /* PlaceOfferResponse.swift */; };
		D9BD67802D63139A001EAFFA /* ReviewListResponse.swift in Sources */ = {isa = PBXBuildFile; fileRef = D9BD677F2D63139A001EAFFA /* ReviewListResponse.swift */; };
		D9BD67822D6313ED001EAFFA /* SleepListResponse.swift in Sources */ = {isa = PBXBuildFile; fileRef = D9BD67812D6313ED001EAFFA /* SleepListResponse.swift */; };
		D9BD67852D631561001EAFFA /* AirBnbTabResponse.swift in Sources */ = {isa = PBXBuildFile; fileRef = D9BD67842D631561001EAFFA /* AirBnbTabResponse.swift */; };
		D9BD67872D631589001EAFFA /* AirBnBTabData.swift in Sources */ = {isa = PBXBuildFile; fileRef = D9BD67862D631589001EAFFA /* AirBnBTabData.swift */; };
		D9BD678B2D631A31001EAFFA /* HomeView.swift in Sources */ = {isa = PBXBuildFile; fileRef = D9BD678A2D631A31001EAFFA /* HomeView.swift */; };
		D9C279122D55265000CC256C /* Assets.xcassets in Resources */ = {isa = PBXBuildFile; fileRef = D9C279112D55265000CC256C /* Assets.xcassets */; };
		D9D0E7FE2D0088D5001373E0 /* StoryCart.swift in Sources */ = {isa = PBXBuildFile; fileRef = D9D0E7FD2D0088D5001373E0 /* StoryCart.swift */; };
		D9DC8E232D43D27500216077 /* RecommendedRestaurantResponse.swift in Sources */ = {isa = PBXBuildFile; fileRef = D9DC8E222D43D27500216077 /* RecommendedRestaurantResponse.swift */; };
		D9DC8E252D43D28100216077 /* RecommendedRestaurantData.swift in Sources */ = {isa = PBXBuildFile; fileRef = D9DC8E242D43D28100216077 /* RecommendedRestaurantData.swift */; };
		D9E39D192D44D03C00C106DD /* TabWithLineIndicator.swift in Sources */ = {isa = PBXBuildFile; fileRef = D9E39D182D44D03C00C106DD /* TabWithLineIndicator.swift */; };
		D9F4E40A2D4C965900C17ED8 /* YTHomeView.swift in Sources */ = {isa = PBXBuildFile; fileRef = D9F4E4092D4C965900C17ED8 /* YTHomeView.swift */; };
		D9F4E40C2D4C9E2800C17ED8 /* VideoCategoriesResponse.swift in Sources */ = {isa = PBXBuildFile; fileRef = D9F4E40B2D4C9E2800C17ED8 /* VideoCategoriesResponse.swift */; };
		D9F4E40E2D4C9E4300C17ED8 /* VideoCategoriesData.swift in Sources */ = {isa = PBXBuildFile; fileRef = D9F4E40D2D4C9E4300C17ED8 /* VideoCategoriesData.swift */; };
/* End PBXBuildFile section */

/* Begin PBXFileReference section */
		CE2F02582BFA2F9200EE3919 /* MainScreen.swift */ = {isa = PBXFileReference; lastKnownFileType = sourcecode.swift; path = MainScreen.swift; sourceTree = "<group>"; };
		CE2F025C2BFA4BF000EE3919 /* LoadingView.swift */ = {isa = PBXFileReference; lastKnownFileType = sourcecode.swift; path = LoadingView.swift; sourceTree = "<group>"; };
		CE2F75252C42EB2F00076DC3 /* ContainerMenuScreen.swift */ = {isa = PBXFileReference; lastKnownFileType = sourcecode.swift; path = ContainerMenuScreen.swift; sourceTree = "<group>"; };
		CE31AA2C2BC1F8A800B9D4EE /* LetsTools.app */ = {isa = PBXFileReference; explicitFileType = wrapper.application; includeInIndex = 0; path = LetsTools.app; sourceTree = BUILT_PRODUCTS_DIR; };
		CE31AA2F2BC1F8A800B9D4EE /* LetsToolsApp.swift */ = {isa = PBXFileReference; lastKnownFileType = sourcecode.swift; path = LetsToolsApp.swift; sourceTree = "<group>"; };
		CE31AA3D2BC1F8E400B9D4EE /* HomeScreen.swift */ = {isa = PBXFileReference; lastKnownFileType = sourcecode.swift; path = HomeScreen.swift; sourceTree = "<group>"; };
		CE31AA402BC20C9300B9D4EE /* RingProgressBar.swift */ = {isa = PBXFileReference; lastKnownFileType = sourcecode.swift; path = RingProgressBar.swift; sourceTree = "<group>"; };
		CE8D1EC92BC29A7E00263EDC /* RingProgressBarScreen.swift */ = {isa = PBXFileReference; lastKnownFileType = sourcecode.swift; path = RingProgressBarScreen.swift; sourceTree = "<group>"; };
		CE9D07822C1DF5D8004C1813 /* CutCardScreen.swift */ = {isa = PBXFileReference; lastKnownFileType = sourcecode.swift; path = CutCardScreen.swift; sourceTree = "<group>"; };
		CEB73EAE2BF918A60095F300 /* MaskScreen.swift */ = {isa = PBXFileReference; lastKnownFileType = sourcecode.swift; path = MaskScreen.swift; sourceTree = "<group>"; };
		D9084E192D3825360036E871 /* FeedData.swift */ = {isa = PBXFileReference; lastKnownFileType = sourcecode.swift; path = FeedData.swift; sourceTree = "<group>"; };
		D9084E1B2D38253F0036E871 /* FeedResponse.swift */ = {isa = PBXFileReference; lastKnownFileType = sourcecode.swift; path = FeedResponse.swift; sourceTree = "<group>"; };
		D9084E1F2D3831BF0036E871 /* UserData.swift */ = {isa = PBXFileReference; lastKnownFileType = sourcecode.swift; path = UserData.swift; sourceTree = "<group>"; };
		D9084E212D3831D00036E871 /* UserResponse.swift */ = {isa = PBXFileReference; lastKnownFileType = sourcecode.swift; path = UserResponse.swift; sourceTree = "<group>"; };
		D9084E232D3832220036E871 /* StoryData.swift */ = {isa = PBXFileReference; lastKnownFileType = sourcecode.swift; path = StoryData.swift; sourceTree = "<group>"; };
		D9084E252D3832320036E871 /* StoryResponse.swift */ = {isa = PBXFileReference; lastKnownFileType = sourcecode.swift; path = StoryResponse.swift; sourceTree = "<group>"; };
		D9084E2D2D38417F0036E871 /* FBCloneHomeView.swift */ = {isa = PBXFileReference; lastKnownFileType = sourcecode.swift; path = FBCloneHomeView.swift; sourceTree = "<group>"; };
		D913AADA2D53325400820A45 /* VideoDetailView.swift */ = {isa = PBXFileReference; lastKnownFileType = sourcecode.swift; path = VideoDetailView.swift; sourceTree = "<group>"; };
		D9156D172D568B8700A59ED5 /* BnbSitesResponse.swift */ = {isa = PBXFileReference; lastKnownFileType = sourcecode.swift; path = BnbSitesResponse.swift; sourceTree = "<group>"; };
		D9156D192D568B9800A59ED5 /* BnbSitesData.swift */ = {isa = PBXFileReference; lastKnownFileType = sourcecode.swift; path = BnbSitesData.swift; sourceTree = "<group>"; };
		D92793A52D564C7500E0948D /* AirbnbHomeScreen.swift */ = {isa = PBXFileReference; lastKnownFileType = sourcecode.swift; path = AirbnbHomeScreen.swift; sourceTree = "<group>"; };
		D92793A72D56572500E0948D /* BnbCategories.swift */ = {isa = PBXFileReference; lastKnownFileType = sourcecode.swift; path = BnbCategories.swift; sourceTree = "<group>"; };
		D92793A92D5657C700E0948D /* BnbCategoryData.swift */ = {isa = PBXFileReference; lastKnownFileType = sourcecode.swift; path = BnbCategoryData.swift; sourceTree = "<group>"; };
		D92983C72D50A7130053E4DA /* CategoryResponse.swift */ = {isa = PBXFileReference; lastKnownFileType = sourcecode.swift; path = CategoryResponse.swift; sourceTree = "<group>"; };
		D92983C92D50A71A0053E4DA /* CategoryData.swift */ = {isa = PBXFileReference; lastKnownFileType = sourcecode.swift; path = CategoryData.swift; sourceTree = "<group>"; };
		D92983CC2D50A85C0053E4DA /* VideoSectionResponse.swift */ = {isa = PBXFileReference; lastKnownFileType = sourcecode.swift; path = VideoSectionResponse.swift; sourceTree = "<group>"; };
		D92983CE2D50A86E0053E4DA /* VideoSectionData.swift */ = {isa = PBXFileReference; lastKnownFileType = sourcecode.swift; path = VideoSectionData.swift; sourceTree = "<group>"; };
		D92983D02D50B4110053E4DA /* YTCloneHomeView.swift */ = {isa = PBXFileReference; lastKnownFileType = sourcecode.swift; path = YTCloneHomeView.swift; sourceTree = "<group>"; };
		D92AC1622D3634530020B56D /* User.swift */ = {isa = PBXFileReference; lastKnownFileType = sourcecode.swift; path = User.swift; sourceTree = "<group>"; };
		D93452B92D46336F008769C3 /* UberCloneHomeView.swift */ = {isa = PBXFileReference; lastKnownFileType = sourcecode.swift; path = UberCloneHomeView.swift; sourceTree = "<group>"; };
		D95EEB4B2D70E60900CD500D /* BookDetailsView.swift */ = {isa = PBXFileReference; lastKnownFileType = sourcecode.swift; path = BookDetailsView.swift; sourceTree = "<group>"; };
		D961696B2D5DE45E004DF017 /* ImageCarousel.swift */ = {isa = PBXFileReference; lastKnownFileType = sourcecode.swift; path = ImageCarousel.swift; sourceTree = "<group>"; };
		D96260212D6F3CB500973A1D /* BooksHomeView.swift */ = {isa = PBXFileReference; lastKnownFileType = sourcecode.swift; path = BooksHomeView.swift; sourceTree = "<group>"; };
		D96260232D6F3CE500973A1D /* BookResponse.swift */ = {isa = PBXFileReference; lastKnownFileType = sourcecode.swift; path = BookResponse.swift; sourceTree = "<group>"; };
		D96260252D6F586000973A1D /* BooksData.swift */ = {isa = PBXFileReference; lastKnownFileType = sourcecode.swift; path = BooksData.swift; sourceTree = "<group>"; };
		D96F0F062D637F070011BC93 /* DetailView.swift */ = {isa = PBXFileReference; lastKnownFileType = sourcecode.swift; path = DetailView.swift; sourceTree = "<group>"; };
		D971E4532D3ED923008F93D5 /* UberRidesScreen.swift */ = {isa = PBXFileReference; lastKnownFileType = sourcecode.swift; path = UberRidesScreen.swift; sourceTree = "<group>"; };
		D971E4552D3ED931008F93D5 /* UberEatsScreen.swift */ = {isa = PBXFileReference; lastKnownFileType = sourcecode.swift; path = UberEatsScreen.swift; sourceTree = "<group>"; };
		D971E4572D3F6CEA008F93D5 /* UberHomeView.swift */ = {isa = PBXFileReference; lastKnownFileType = sourcecode.swift; path = UberHomeView.swift; sourceTree = "<group>"; };
		D971E45C2D3FBFDB008F93D5 /* RideHistoryResponse.swift */ = {isa = PBXFileReference; lastKnownFileType = sourcecode.swift; path = RideHistoryResponse.swift; sourceTree = "<group>"; };
		D971E45E2D3FC0B3008F93D5 /* RideHistoryData.swift */ = {isa = PBXFileReference; lastKnownFileType = sourcecode.swift; path = RideHistoryData.swift; sourceTree = "<group>"; };
		D976FE9D2D4F770700BB6F92 /* VideoDetailsView.swift */ = {isa = PBXFileReference; lastKnownFileType = sourcecode.swift; path = VideoDetailsView.swift; sourceTree = "<group>"; };
		D978703A2D439C5300012B8D /* FeaturedRestaurantResponse.swift */ = {isa = PBXFileReference; lastKnownFileType = sourcecode.swift; path = FeaturedRestaurantResponse.swift; sourceTree = "<group>"; };
		D978703C2D439C5E00012B8D /* FeaturedRestaurantData.swift */ = {isa = PBXFileReference; lastKnownFileType = sourcecode.swift; path = FeaturedRestaurantData.swift; sourceTree = "<group>"; };
		D97F2FA72D4CE14600ADD73E /* VideoResponse.swift */ = {isa = PBXFileReference; lastKnownFileType = sourcecode.swift; path = VideoResponse.swift; sourceTree = "<group>"; };
		D97F2FA92D4CE14E00ADD73E /* VideoData.swift */ = {isa = PBXFileReference; lastKnownFileType = sourcecode.swift; path = VideoData.swift; sourceTree = "<group>"; };
		D983A2EE2D1699FB00A7C3CE /* NewsFeedItem.swift */ = {isa = PBXFileReference; lastKnownFileType = sourcecode.swift; path = NewsFeedItem.swift; sourceTree = "<group>"; };
		D983A2F02D169B5800A7C3CE /* Assets.xcassets */ = {isa = PBXFileReference; lastKnownFileType = folder.assetcatalog; path = Assets.xcassets; sourceTree = "<group>"; };
		D983A2F22D169B9900A7C3CE /* Media.xcassets */ = {isa = PBXFileReference; lastKnownFileType = folder.assetcatalog; path = Media.xcassets; sourceTree = "<group>"; };
		D98582602D46092700DDBA94 /* EatsCategoryResponse.swift */ = {isa = PBXFileReference; lastKnownFileType = sourcecode.swift; path = EatsCategoryResponse.swift; sourceTree = "<group>"; };
		D98582622D46093300DDBA94 /* EatsData.swift */ = {isa = PBXFileReference; lastKnownFileType = sourcecode.swift; path = EatsData.swift; sourceTree = "<group>"; };
		D98582652D46099900DDBA94 /* EatsRestaurantResponse.swift */ = {isa = PBXFileReference; lastKnownFileType = sourcecode.swift; path = EatsRestaurantResponse.swift; sourceTree = "<group>"; };
		D98582672D4609A500DDBA94 /* EatsRestaurantData.swift */ = {isa = PBXFileReference; lastKnownFileType = sourcecode.swift; path = EatsRestaurantData.swift; sourceTree = "<group>"; };
		D985826A2D460A9700DDBA94 /* RidesAdsResponse.swift */ = {isa = PBXFileReference; lastKnownFileType = sourcecode.swift; path = RidesAdsResponse.swift; sourceTree = "<group>"; };
		D985826C2D460A9F00DDBA94 /* RidesAdsData.swift */ = {isa = PBXFileReference; lastKnownFileType = sourcecode.swift; path = RidesAdsData.swift; sourceTree = "<group>"; };
		D98582712D460B7700DDBA94 /* RidesHistoryResponse.swift */ = {isa = PBXFileReference; lastKnownFileType = sourcecode.swift; path = RidesHistoryResponse.swift; sourceTree = "<group>"; };
		D98582732D460B7F00DDBA94 /* RidesHistoryData.swift */ = {isa = PBXFileReference; lastKnownFileType = sourcecode.swift; path = RidesHistoryData.swift; sourceTree = "<group>"; };
		D98582752D460B9000DDBA94 /* RidesSuggestionResponse.swift */ = {isa = PBXFileReference; lastKnownFileType = sourcecode.swift; path = RidesSuggestionResponse.swift; sourceTree = "<group>"; };
		D98582772D460B9900DDBA94 /* RidesSuggestionData.swift */ = {isa = PBXFileReference; lastKnownFileType = sourcecode.swift; path = RidesSuggestionData.swift; sourceTree = "<group>"; };
		D98582792D4610E300DDBA94 /* TabData.swift */ = {isa = PBXFileReference; lastKnownFileType = sourcecode.swift; path = TabData.swift; sourceTree = "<group>"; };
		D985827B2D4610ED00DDBA94 /* TabResponse.swift */ = {isa = PBXFileReference; lastKnownFileType = sourcecode.swift; path = TabResponse.swift; sourceTree = "<group>"; };
		D98582802D4614DA00DDBA94 /* ColorExtension.swift */ = {isa = PBXFileReference; lastKnownFileType = sourcecode.swift; path = ColorExtension.swift; sourceTree = "<group>"; };
		D99FA4122D4D174C003FD43A /* ShortsResponse.swift */ = {isa = PBXFileReference; lastKnownFileType = sourcecode.swift; path = ShortsResponse.swift; sourceTree = "<group>"; };
		D99FA4142D4D1755003FD43A /* ShortsData.swift */ = {isa = PBXFileReference; lastKnownFileType = sourcecode.swift; path = ShortsData.swift; sourceTree = "<group>"; };
		D9AE5AB22D58758B00452E5A /* AirbnbDetailsScreen.swift */ = {isa = PBXFileReference; lastKnownFileType = sourcecode.swift; path = AirbnbDetailsScreen.swift; sourceTree = "<group>"; };
		D9B2583F2D193EAC00A23D57 /* StoryAndReelTab.swift */ = {isa = PBXFileReference; lastKnownFileType = sourcecode.swift; path = StoryAndReelTab.swift; sourceTree = "<group>"; };
		D9B258412D193EDC00A23D57 /* ReelsCart.swift */ = {isa = PBXFileReference; lastKnownFileType = sourcecode.swift; path = ReelsCart.swift; sourceTree = "<group>"; };
		D9B479782D1A7F8600E84423 /* HeaderTitleView.swift */ = {isa = PBXFileReference; lastKnownFileType = sourcecode.swift; path = HeaderTitleView.swift; sourceTree = "<group>"; };
		D9B4797A2D1A7FE600E84423 /* StatusCard.swift */ = {isa = PBXFileReference; lastKnownFileType = sourcecode.swift; path = StatusCard.swift; sourceTree = "<group>"; };
		D9B73E312CF4CA7D00A63E04 /* FBHomeScreen.swift */ = {isa = PBXFileReference; lastKnownFileType = sourcecode.swift; path = FBHomeScreen.swift; sourceTree = "<group>"; };
		D9BD67722D629969001EAFFA /* BookingData.swift */ = {isa = PBXFileReference; lastKnownFileType = sourcecode.swift; path = BookingData.swift; sourceTree = "<group>"; };
		D9BD67742D62997C001EAFFA /* BookingResponse.swift */ = {isa = PBXFileReference; lastKnownFileType = sourcecode.swift; path = BookingResponse.swift; sourceTree = "<group>"; };
		D9BD67772D631235001EAFFA /* DetailResponse.swift */ = {isa = PBXFileReference; lastKnownFileType = sourcecode.swift; path = DetailResponse.swift; sourceTree = "<group>"; };
		D9BD67792D6312EE001EAFFA /* DetailData.swift */ = {isa = PBXFileReference; lastKnownFileType = sourcecode.swift; path = DetailData.swift; sourceTree = "<group>"; };
		D9BD677B2D6312FB001EAFFA /* HostListResponse.swift */ = {isa = PBXFileReference; lastKnownFileType = sourcecode.swift; path = HostListResponse.swift; sourceTree = "<group>"; };
		D9BD677D2D631354001EAFFA /* PlaceOfferResponse.swift */ = {isa = PBXFileReference; lastKnownFileType = sourcecode.swift; path = PlaceOfferResponse.swift; sourceTree = "<group>"; };
		D9BD677F2D63139A001EAFFA /* ReviewListResponse.swift */ = {isa = PBXFileReference; lastKnownFileType = sourcecode.swift; path = ReviewListResponse.swift; sourceTree = "<group>"; };
		D9BD67812D6313ED001EAFFA /* SleepListResponse.swift */ = {isa = PBXFileReference; lastKnownFileType = sourcecode.swift; path = SleepListResponse.swift; sourceTree = "<group>"; };
		D9BD67842D631561001EAFFA /* AirBnbTabResponse.swift */ = {isa = PBXFileReference; lastKnownFileType = sourcecode.swift; path = AirBnbTabResponse.swift; sourceTree = "<group>"; };
		D9BD67862D631589001EAFFA /* AirBnBTabData.swift */ = {isa = PBXFileReference; lastKnownFileType = sourcecode.swift; path = AirBnBTabData.swift; sourceTree = "<group>"; };
		D9BD678A2D631A31001EAFFA /* HomeView.swift */ = {isa = PBXFileReference; lastKnownFileType = sourcecode.swift; path = HomeView.swift; sourceTree = "<group>"; };
		D9C279112D55265000CC256C /* Assets.xcassets */ = {isa = PBXFileReference; lastKnownFileType = folder.assetcatalog; path = Assets.xcassets; sourceTree = "<group>"; };
		D9D0E7FD2D0088D5001373E0 /* StoryCart.swift */ = {isa = PBXFileReference; lastKnownFileType = sourcecode.swift; path = StoryCart.swift; sourceTree = "<group>"; };
		D9DC8E222D43D27500216077 /* RecommendedRestaurantResponse.swift */ = {isa = PBXFileReference; lastKnownFileType = sourcecode.swift; path = RecommendedRestaurantResponse.swift; sourceTree = "<group>"; };
		D9DC8E242D43D28100216077 /* RecommendedRestaurantData.swift */ = {isa = PBXFileReference; lastKnownFileType = sourcecode.swift; path = RecommendedRestaurantData.swift; sourceTree = "<group>"; };
		D9E39D182D44D03C00C106DD /* TabWithLineIndicator.swift */ = {isa = PBXFileReference; lastKnownFileType = sourcecode.swift; path = TabWithLineIndicator.swift; sourceTree = "<group>"; };
		D9F4E4092D4C965900C17ED8 /* YTHomeView.swift */ = {isa = PBXFileReference; lastKnownFileType = sourcecode.swift; path = YTHomeView.swift; sourceTree = "<group>"; };
		D9F4E40B2D4C9E2800C17ED8 /* VideoCategoriesResponse.swift */ = {isa = PBXFileReference; lastKnownFileType = sourcecode.swift; path = VideoCategoriesResponse.swift; sourceTree = "<group>"; };
		D9F4E40D2D4C9E4300C17ED8 /* VideoCategoriesData.swift */ = {isa = PBXFileReference; lastKnownFileType = sourcecode.swift; path = VideoCategoriesData.swift; sourceTree = "<group>"; };
/* End PBXFileReference section */

/* Begin PBXFrameworksBuildPhase section */
		CE31AA292BC1F8A800B9D4EE /* Frameworks */ = {
			isa = PBXFrameworksBuildPhase;
			buildActionMask = 2147483647;
			files = (
				D962E1452D38625600C7CBA1 /* Kingfisher in Frameworks */,
			);
			runOnlyForDeploymentPostprocessing = 0;
		};
/* End PBXFrameworksBuildPhase section */

/* Begin PBXGroup section */
		CE2F02572BFA2F3600EE3919 /* LetsLoading */ = {
			isa = PBXGroup;
			children = (
				CE2F02582BFA2F9200EE3919 /* MainScreen.swift */,
				CE2F025C2BFA4BF000EE3919 /* LoadingView.swift */,
			);
			path = LetsLoading;
			sourceTree = "<group>";
		};
		CE2F75242C42EAF200076DC3 /* LetsContainerMenu */ = {
			isa = PBXGroup;
			children = (
				CE2F75252C42EB2F00076DC3 /* ContainerMenuScreen.swift */,
			);
			path = LetsContainerMenu;
			sourceTree = "<group>";
		};
		CE31AA232BC1F8A800B9D4EE = {
			isa = PBXGroup;
			children = (
				CE31AA2E2BC1F8A800B9D4EE /* LetsTools */,
				CE31AA2D2BC1F8A800B9D4EE /* Products */,
			);
			sourceTree = "<group>";
		};
		CE31AA2D2BC1F8A800B9D4EE /* Products */ = {
			isa = PBXGroup;
			children = (
				CE31AA2C2BC1F8A800B9D4EE /* LetsTools.app */,
			);
			name = Products;
			sourceTree = "<group>";
		};
		CE31AA2E2BC1F8A800B9D4EE /* LetsTools */ = {
			isa = PBXGroup;
			children = (
				CE31AA2F2BC1F8A800B9D4EE /* LetsToolsApp.swift */,
				CE31AA3D2BC1F8E400B9D4EE /* HomeScreen.swift */,
				D961696A2D5DE44C004DF017 /* LetsSlide */,
				D9E39D172D44CFF500C106DD /* LetsTab */,
				CE31AA3F2BC20C6A00B9D4EE /* LetsRingProgressBar */,
				CEB73EAD2BF918840095F300 /* LetsMask */,
				CE2F02572BFA2F3600EE3919 /* LetsLoading */,
				CE9D07812C1DF5AE004C1813 /* LetsCutCard */,
				CE2F75242C42EAF200076DC3 /* LetsContainerMenu */,
				D9B73E2F2CF4C86000A63E04 /* LetsClone */,
				CE31AA352BC1F8AA00B9D4EE /* Preview Content */,
				D9C279112D55265000CC256C /* Assets.xcassets */,
			);
			path = LetsTools;
			sourceTree = "<group>";
		};
		CE31AA352BC1F8AA00B9D4EE /* Preview Content */ = {
			isa = PBXGroup;
			children = (
				D983A2F02D169B5800A7C3CE /* Assets.xcassets */,
			);
			path = "Preview Content";
			sourceTree = "<group>";
		};
		CE31AA3F2BC20C6A00B9D4EE /* LetsRingProgressBar */ = {
			isa = PBXGroup;
			children = (
				CE31AA402BC20C9300B9D4EE /* RingProgressBar.swift */,
				CE8D1EC92BC29A7E00263EDC /* RingProgressBarScreen.swift */,
			);
			path = LetsRingProgressBar;
			sourceTree = "<group>";
		};
		CE9D07812C1DF5AE004C1813 /* LetsCutCard */ = {
			isa = PBXGroup;
			children = (
				CE9D07822C1DF5D8004C1813 /* CutCardScreen.swift */,
			);
			path = LetsCutCard;
			sourceTree = "<group>";
		};
		CEB73EAD2BF918840095F300 /* LetsMask */ = {
			isa = PBXGroup;
			children = (
				CEB73EAE2BF918A60095F300 /* MaskScreen.swift */,
			);
			path = LetsMask;
			sourceTree = "<group>";
		};
		D9084E162D3823310036E871 /* FaceBookClone2.0 */ = {
			isa = PBXGroup;
			children = (
				D9084E172D38250C0036E871 /* Models */,
				D9084E272D38405C0036E871 /* Screens */,
			);
			path = FaceBookClone2.0;
			sourceTree = "<group>";
		};
		D9084E172D38250C0036E871 /* Models */ = {
			isa = PBXGroup;
			children = (
				D9084E182D3825110036E871 /* FeedResponse */,
				D9084E1D2D3825440036E871 /* StoryResponse */,
				D9084E1E2D3831910036E871 /* UserResponse */,
			);
			path = Models;
			sourceTree = "<group>";
		};
		D9084E182D3825110036E871 /* FeedResponse */ = {
			isa = PBXGroup;
			children = (
				D9084E192D3825360036E871 /* FeedData.swift */,
				D9084E1B2D38253F0036E871 /* FeedResponse.swift */,
			);
			path = FeedResponse;
			sourceTree = "<group>";
		};
		D9084E1D2D3825440036E871 /* StoryResponse */ = {
			isa = PBXGroup;
			children = (
				D9084E232D3832220036E871 /* StoryData.swift */,
				D9084E252D3832320036E871 /* StoryResponse.swift */,
			);
			path = StoryResponse;
			sourceTree = "<group>";
		};
		D9084E1E2D3831910036E871 /* UserResponse */ = {
			isa = PBXGroup;
			children = (
				D9084E1F2D3831BF0036E871 /* UserData.swift */,
				D9084E212D3831D00036E871 /* UserResponse.swift */,
			);
			path = UserResponse;
			sourceTree = "<group>";
		};
		D9084E272D38405C0036E871 /* Screens */ = {
			isa = PBXGroup;
			children = (
				D9084E2D2D38417F0036E871 /* FBCloneHomeView.swift */,
			);
			path = Screens;
			sourceTree = "<group>";
		};
		D9156D152D568B5300A59ED5 /* BnbCategoryModel */ = {
			isa = PBXGroup;
			children = (
				D92793A92D5657C700E0948D /* BnbCategoryData.swift */,
				D92793A72D56572500E0948D /* BnbCategories.swift */,
			);
			path = BnbCategoryModel;
			sourceTree = "<group>";
		};
		D9156D162D568B7400A59ED5 /* BnbSiteModel */ = {
			isa = PBXGroup;
			children = (
				D9156D192D568B9800A59ED5 /* BnbSitesData.swift */,
				D9156D172D568B8700A59ED5 /* BnbSitesResponse.swift */,
			);
			path = BnbSiteModel;
			sourceTree = "<group>";
		};
		D91BD7702D6FA37A00B74976 /* Books */ = {
			isa = PBXGroup;
			children = (
				D96260252D6F586000973A1D /* BooksData.swift */,
				D96260232D6F3CE500973A1D /* BookResponse.swift */,
			);
			path = Books;
			sourceTree = "<group>";
		};
		D92793A22D56488000E0948D /* AirBnbClone */ = {
			isa = PBXGroup;
			children = (
				D92793A32D564A3300E0948D /* Models */,
				D92793A42D564A3800E0948D /* Screens */,
			);
			path = AirBnbClone;
			sourceTree = "<group>";
		};
		D92793A32D564A3300E0948D /* Models */ = {
			isa = PBXGroup;
			children = (
				D9156D162D568B7400A59ED5 /* BnbSiteModel */,
				D9156D152D568B5300A59ED5 /* BnbCategoryModel */,
			);
			path = Models;
			sourceTree = "<group>";
		};
		D92793A42D564A3800E0948D /* Screens */ = {
			isa = PBXGroup;
			children = (
				D92793A52D564C7500E0948D /* AirbnbHomeScreen.swift */,
				D9AE5AB22D58758B00452E5A /* AirbnbDetailsScreen.swift */,
			);
			path = Screens;
			sourceTree = "<group>";
		};
		D92983C32D50A6D40053E4DA /* YoutubeClone2.0 */ = {
			isa = PBXGroup;
			children = (
				D92983C42D50A6EE0053E4DA /* Models */,
				D92983C52D50A6F30053E4DA /* Screens */,
			);
			path = YoutubeClone2.0;
			sourceTree = "<group>";
		};
		D92983C42D50A6EE0053E4DA /* Models */ = {
			isa = PBXGroup;
			children = (
				D92983C62D50A7000053E4DA /* CategoryModel */,
				D92983CB2D50A8420053E4DA /* VideoModel */,
			);
			path = Models;
			sourceTree = "<group>";
		};
		D92983C52D50A6F30053E4DA /* Screens */ = {
			isa = PBXGroup;
			children = (
				D92983D02D50B4110053E4DA /* YTCloneHomeView.swift */,
				D913AADA2D53325400820A45 /* VideoDetailView.swift */,
			);
			path = Screens;
			sourceTree = "<group>";
		};
		D92983C62D50A7000053E4DA /* CategoryModel */ = {
			isa = PBXGroup;
			children = (
				D92983C92D50A71A0053E4DA /* CategoryData.swift */,
				D92983C72D50A7130053E4DA /* CategoryResponse.swift */,
			);
			path = CategoryModel;
			sourceTree = "<group>";
		};
		D92983CB2D50A8420053E4DA /* VideoModel */ = {
			isa = PBXGroup;
			children = (
				D92983CE2D50A86E0053E4DA /* VideoSectionData.swift */,
				D92983CC2D50A85C0053E4DA /* VideoSectionResponse.swift */,
			);
			path = VideoModel;
			sourceTree = "<group>";
		};
		D92AC1612D3634380020B56D /* Models */ = {
			isa = PBXGroup;
			children = (
				D92AC1622D3634530020B56D /* User.swift */,
			);
			path = Models;
			sourceTree = "<group>";
		};
		D94ABBEC2D4C958700717D60 /* YoutubeClone */ = {
			isa = PBXGroup;
			children = (
				D9F4E4072D4C962200C17ED8 /* Models */,
				D9F4E4082D4C962700C17ED8 /* Screens */,
			);
			path = YoutubeClone;
			sourceTree = "<group>";
		};
		D961696A2D5DE44C004DF017 /* LetsSlide */ = {
			isa = PBXGroup;
			children = (
				D961696B2D5DE45E004DF017 /* ImageCarousel.swift */,
			);
			path = LetsSlide;
			sourceTree = "<group>";
		};
		D962601E2D6E4A1300973A1D /* BooksClone */ = {
			isa = PBXGroup;
			children = (
				D962601F2D6E4A1E00973A1D /* Models */,
				D96260202D6E4A2300973A1D /* Screens */,
			);
			path = BooksClone;
			sourceTree = "<group>";
		};
		D962601F2D6E4A1E00973A1D /* Models */ = {
			isa = PBXGroup;
			children = (
				D91BD7702D6FA37A00B74976 /* Books */,
			);
			path = Models;
			sourceTree = "<group>";
		};
		D96260202D6E4A2300973A1D /* Screens */ = {
			isa = PBXGroup;
			children = (
				D96260212D6F3CB500973A1D /* BooksHomeView.swift */,
				D95EEB4B2D70E60900CD500D /* BookDetailsView.swift */,
			);
			path = Screens;
			sourceTree = "<group>";
		};
		D970A5B22D46085000CF76B8 /* UberClone2.0 */ = {
			isa = PBXGroup;
			children = (
				D985827D2D4613EA00DDBA94 /* Models */,
				D985827E2D46145F00DDBA94 /* Screens */,
			);
			path = UberClone2.0;
			sourceTree = "<group>";
		};
		D971E4502D3ED891008F93D5 /* UberClone */ = {
			isa = PBXGroup;
			children = (
				D971E4512D3ED8CC008F93D5 /* Models */,
				D971E4522D3ED8E1008F93D5 /* Screens */,
			);
			path = UberClone;
			sourceTree = "<group>";
		};
		D971E4512D3ED8CC008F93D5 /* Models */ = {
			isa = PBXGroup;
			children = (
				D971E45B2D3FBDD1008F93D5 /* RideHistory */,
				D97870392D439C3400012B8D /* FeaturedRestaurants */,
				D9DC8E212D43D24500216077 /* RecommendedRestarants */,
			);
			path = Models;
			sourceTree = "<group>";
		};
		D971E4522D3ED8E1008F93D5 /* Screens */ = {
			isa = PBXGroup;
			children = (
				D971E4572D3F6CEA008F93D5 /* UberHomeView.swift */,
				D971E4532D3ED923008F93D5 /* UberRidesScreen.swift */,
				D971E4552D3ED931008F93D5 /* UberEatsScreen.swift */,
			);
			path = Screens;
			sourceTree = "<group>";
		};
		D971E45B2D3FBDD1008F93D5 /* RideHistory */ = {
			isa = PBXGroup;
			children = (
				D971E45E2D3FC0B3008F93D5 /* RideHistoryData.swift */,
				D971E45C2D3FBFDB008F93D5 /* RideHistoryResponse.swift */,
			);
			path = RideHistory;
			sourceTree = "<group>";
		};
		D97870392D439C3400012B8D /* FeaturedRestaurants */ = {
			isa = PBXGroup;
			children = (
				D978703C2D439C5E00012B8D /* FeaturedRestaurantData.swift */,
				D978703A2D439C5300012B8D /* FeaturedRestaurantResponse.swift */,
			);
			path = FeaturedRestaurants;
			sourceTree = "<group>";
		};
		D97F2FA52D4CE0E700ADD73E /* VideoCategoryModel */ = {
			isa = PBXGroup;
			children = (
				D9F4E40D2D4C9E4300C17ED8 /* VideoCategoriesData.swift */,
				D9F4E40B2D4C9E2800C17ED8 /* VideoCategoriesResponse.swift */,
			);
			path = VideoCategoryModel;
			sourceTree = "<group>";
		};
		D97F2FA62D4CE0FF00ADD73E /* VideoModel */ = {
			isa = PBXGroup;
			children = (
				D97F2FA92D4CE14E00ADD73E /* VideoData.swift */,
				D97F2FA72D4CE14600ADD73E /* VideoResponse.swift */,
			);
			path = VideoModel;
			sourceTree = "<group>";
		};
		D985825F2D4608EC00DDBA94 /* EatsCategoryModel */ = {
			isa = PBXGroup;
			children = (
				D98582622D46093300DDBA94 /* EatsData.swift */,
				D98582602D46092700DDBA94 /* EatsCategoryResponse.swift */,
			);
			path = EatsCategoryModel;
			sourceTree = "<group>";
		};
		D98582642D46096600DDBA94 /* EatsRestaurantModel */ = {
			isa = PBXGroup;
			children = (
				D98582672D4609A500DDBA94 /* EatsRestaurantData.swift */,
				D98582652D46099900DDBA94 /* EatsRestaurantResponse.swift */,
			);
			path = EatsRestaurantModel;
			sourceTree = "<group>";
		};
		D98582692D460A6000DDBA94 /* RidesAdsModel */ = {
			isa = PBXGroup;
			children = (
				D985826C2D460A9F00DDBA94 /* RidesAdsData.swift */,
				D985826A2D460A9700DDBA94 /* RidesAdsResponse.swift */,
			);
			path = RidesAdsModel;
			sourceTree = "<group>";
		};
		D985826E2D460AD300DDBA94 /* RidesHistoryModel */ = {
			isa = PBXGroup;
			children = (
				D98582732D460B7F00DDBA94 /* RidesHistoryData.swift */,
				D98582712D460B7700DDBA94 /* RidesHistoryResponse.swift */,
			);
			path = RidesHistoryModel;
			sourceTree = "<group>";
		};
		D985826F2D460AF400DDBA94 /* RidesSuggestionModel */ = {
			isa = PBXGroup;
			children = (
				D98582772D460B9900DDBA94 /* RidesSuggestionData.swift */,
				D98582752D460B9000DDBA94 /* RidesSuggestionResponse.swift */,
			);
			path = RidesSuggestionModel;
			sourceTree = "<group>";
		};
		D98582702D460B2E00DDBA94 /* TabModel */ = {
			isa = PBXGroup;
			children = (
				D98582792D4610E300DDBA94 /* TabData.swift */,
				D985827B2D4610ED00DDBA94 /* TabResponse.swift */,
			);
			path = TabModel;
			sourceTree = "<group>";
		};
		D985827D2D4613EA00DDBA94 /* Models */ = {
			isa = PBXGroup;
			children = (
				D985825F2D4608EC00DDBA94 /* EatsCategoryModel */,
				D98582642D46096600DDBA94 /* EatsRestaurantModel */,
				D98582692D460A6000DDBA94 /* RidesAdsModel */,
				D985826E2D460AD300DDBA94 /* RidesHistoryModel */,
				D985826F2D460AF400DDBA94 /* RidesSuggestionModel */,
				D98582702D460B2E00DDBA94 /* TabModel */,
			);
			path = Models;
			sourceTree = "<group>";
		};
		D985827E2D46145F00DDBA94 /* Screens */ = {
			isa = PBXGroup;
			children = (
				D93452B92D46336F008769C3 /* UberCloneHomeView.swift */,
			);
			path = Screens;
			sourceTree = "<group>";
		};
		D985827F2D4614A300DDBA94 /* Themes */ = {
			isa = PBXGroup;
			children = (
				D98582802D4614DA00DDBA94 /* ColorExtension.swift */,
			);
			path = Themes;
			sourceTree = "<group>";
		};
		D99FA4112D4D173C003FD43A /* ShortsModel */ = {
			isa = PBXGroup;
			children = (
				D99FA4142D4D1755003FD43A /* ShortsData.swift */,
				D99FA4122D4D174C003FD43A /* ShortsResponse.swift */,
			);
			path = ShortsModel;
			sourceTree = "<group>";
		};
		D9B479772D1A7F1400E84423 /* Components */ = {
			isa = PBXGroup;
			children = (
				D983A2EE2D1699FB00A7C3CE /* NewsFeedItem.swift */,
				D9B2583F2D193EAC00A23D57 /* StoryAndReelTab.swift */,
				D9D0E7FD2D0088D5001373E0 /* StoryCart.swift */,
				D9B258412D193EDC00A23D57 /* ReelsCart.swift */,
				D9B479782D1A7F8600E84423 /* HeaderTitleView.swift */,
				D9B4797A2D1A7FE600E84423 /* StatusCard.swift */,
			);
			path = Components;
			sourceTree = "<group>";
		};
		D9B73E2F2CF4C86000A63E04 /* LetsClone */ = {
			isa = PBXGroup;
			children = (
				D962601E2D6E4A1300973A1D /* BooksClone */,
				D985827F2D4614A300DDBA94 /* Themes */,
				D9B73E302CF4CA6100A63E04 /* FacebookClone */,
				D9084E162D3823310036E871 /* FaceBookClone2.0 */,
				D971E4502D3ED891008F93D5 /* UberClone */,
				D970A5B22D46085000CF76B8 /* UberClone2.0 */,
				D94ABBEC2D4C958700717D60 /* YoutubeClone */,
				D92983C32D50A6D40053E4DA /* YoutubeClone2.0 */,
				D92793A22D56488000E0948D /* AirBnbClone */,
				D9BD676E2D6298C4001EAFFA /* AirBnbClone2.0 */,
			);
			path = LetsClone;
			sourceTree = "<group>";
		};
		D9B73E302CF4CA6100A63E04 /* FacebookClone */ = {
			isa = PBXGroup;
			children = (
				D983A2F22D169B9900A7C3CE /* Media.xcassets */,
				D92AC1612D3634380020B56D /* Models */,
				D9B479772D1A7F1400E84423 /* Components */,
				D9B73E312CF4CA7D00A63E04 /* FBHomeScreen.swift */,
			);
			path = FacebookClone;
			sourceTree = "<group>";
		};
		D9BD676E2D6298C4001EAFFA /* AirBnbClone2.0 */ = {
			isa = PBXGroup;
			children = (
				D9BD676F2D6298E6001EAFFA /* Models */,
				D9BD67702D6298F0001EAFFA /* Screens */,
			);
			path = AirBnbClone2.0;
			sourceTree = "<group>";
		};
		D9BD676F2D6298E6001EAFFA /* Models */ = {
			isa = PBXGroup;
			children = (
				D9BD67712D629952001EAFFA /* BookingModel */,
				D9BD67762D63121E001EAFFA /* DetailModel */,
				D9BD67832D631548001EAFFA /* TabModel */,
			);
			path = Models;
			sourceTree = "<group>";
		};
		D9BD67702D6298F0001EAFFA /* Screens */ = {
			isa = PBXGroup;
			children = (
				D9BD678A2D631A31001EAFFA /* HomeView.swift */,
				D96F0F062D637F070011BC93 /* DetailView.swift */,
			);
			path = Screens;
			sourceTree = "<group>";
		};
		D9BD67712D629952001EAFFA /* BookingModel */ = {
			isa = PBXGroup;
			children = (
				D9BD67722D629969001EAFFA /* BookingData.swift */,
				D9BD67742D62997C001EAFFA /* BookingResponse.swift */,
			);
			path = BookingModel;
			sourceTree = "<group>";
		};
		D9BD67762D63121E001EAFFA /* DetailModel */ = {
			isa = PBXGroup;
			children = (
				D9BD67792D6312EE001EAFFA /* DetailData.swift */,
				D9BD67772D631235001EAFFA /* DetailResponse.swift */,
				D9BD677B2D6312FB001EAFFA /* HostListResponse.swift */,
				D9BD677D2D631354001EAFFA /* PlaceOfferResponse.swift */,
				D9BD677F2D63139A001EAFFA /* ReviewListResponse.swift */,
				D9BD67812D6313ED001EAFFA /* SleepListResponse.swift */,
			);
			path = DetailModel;
			sourceTree = "<group>";
		};
		D9BD67832D631548001EAFFA /* TabModel */ = {
			isa = PBXGroup;
			children = (
				D9BD67862D631589001EAFFA /* AirBnBTabData.swift */,
				D9BD67842D631561001EAFFA /* AirBnbTabResponse.swift */,
			);
			path = TabModel;
			sourceTree = "<group>";
		};
		D9DC8E212D43D24500216077 /* RecommendedRestarants */ = {
			isa = PBXGroup;
			children = (
				D9DC8E242D43D28100216077 /* RecommendedRestaurantData.swift */,
				D9DC8E222D43D27500216077 /* RecommendedRestaurantResponse.swift */,
			);
			path = RecommendedRestarants;
			sourceTree = "<group>";
		};
		D9E39D172D44CFF500C106DD /* LetsTab */ = {
			isa = PBXGroup;
			children = (
				D9E39D182D44D03C00C106DD /* TabWithLineIndicator.swift */,
			);
			path = LetsTab;
			sourceTree = "<group>";
		};
		D9F4E4072D4C962200C17ED8 /* Models */ = {
			isa = PBXGroup;
			children = (
				D99FA4112D4D173C003FD43A /* ShortsModel */,
				D97F2FA52D4CE0E700ADD73E /* VideoCategoryModel */,
				D97F2FA62D4CE0FF00ADD73E /* VideoModel */,
			);
			path = Models;
			sourceTree = "<group>";
		};
		D9F4E4082D4C962700C17ED8 /* Screens */ = {
			isa = PBXGroup;
			children = (
				D9F4E4092D4C965900C17ED8 /* YTHomeView.swift */,
				D976FE9D2D4F770700BB6F92 /* VideoDetailsView.swift */,
			);
			path = Screens;
			sourceTree = "<group>";
		};
/* End PBXGroup section */

/* Begin PBXNativeTarget section */
		CE31AA2B2BC1F8A800B9D4EE /* LetsTools */ = {
			isa = PBXNativeTarget;
			buildConfigurationList = CE31AA3A2BC1F8AA00B9D4EE /* Build configuration list for PBXNativeTarget "LetsTools" */;
			buildPhases = (
				CE31AA282BC1F8A800B9D4EE /* Sources */,
				CE31AA292BC1F8A800B9D4EE /* Frameworks */,
				CE31AA2A2BC1F8A800B9D4EE /* Resources */,
			);
			buildRules = (
			);
			dependencies = (
			);
			name = LetsTools;
			productName = LetsTools;
			productReference = CE31AA2C2BC1F8A800B9D4EE /* LetsTools.app */;
			productType = "com.apple.product-type.application";
		};
/* End PBXNativeTarget section */

/* Begin PBXProject section */
		CE31AA242BC1F8A800B9D4EE /* Project object */ = {
			isa = PBXProject;
			attributes = {
				BuildIndependentTargetsInParallel = 1;
				LastSwiftUpdateCheck = 1420;
				LastUpgradeCheck = 1420;
				TargetAttributes = {
					CE31AA2B2BC1F8A800B9D4EE = {
						CreatedOnToolsVersion = 14.2;
					};
				};
			};
			buildConfigurationList = CE31AA272BC1F8A800B9D4EE /* Build configuration list for PBXProject "LetsTools" */;
			compatibilityVersion = "Xcode 14.0";
			developmentRegion = en;
			hasScannedForEncodings = 0;
			knownRegions = (
				en,
				Base,
			);
			mainGroup = CE31AA232BC1F8A800B9D4EE;
			packageReferences = (
				D962E1432D38625600C7CBA1 /* XCRemoteSwiftPackageReference "Kingfisher" */,
			);
			productRefGroup = CE31AA2D2BC1F8A800B9D4EE /* Products */;
			projectDirPath = "";
			projectRoot = "";
			targets = (
				CE31AA2B2BC1F8A800B9D4EE /* LetsTools */,
			);
		};
/* End PBXProject section */

/* Begin PBXResourcesBuildPhase section */
		CE31AA2A2BC1F8A800B9D4EE /* Resources */ = {
			isa = PBXResourcesBuildPhase;
			buildActionMask = 2147483647;
			files = (
				D983A2F32D169B9900A7C3CE /* Media.xcassets in Resources */,
				D9C279122D55265000CC256C /* Assets.xcassets in Resources */,
				D983A2F12D169B5800A7C3CE /* Assets.xcassets in Resources */,
			);
			runOnlyForDeploymentPostprocessing = 0;
		};
/* End PBXResourcesBuildPhase section */

/* Begin PBXSourcesBuildPhase section */
		CE31AA282BC1F8A800B9D4EE /* Sources */ = {
			isa = PBXSourcesBuildPhase;
			buildActionMask = 2147483647;
			files = (
				D96260222D6F3CB500973A1D /* BooksHomeView.swift in Sources */,
				CE2F75262C42EB2F00076DC3 /* ContainerMenuScreen.swift in Sources */,
				D971E4582D3F6CEA008F93D5 /* UberHomeView.swift in Sources */,
				D9F4E40A2D4C965900C17ED8 /* YTHomeView.swift in Sources */,
				D985826D2D460A9F00DDBA94 /* RidesAdsData.swift in Sources */,
				D978703B2D439C5300012B8D /* FeaturedRestaurantResponse.swift in Sources */,
				D97F2FAA2D4CE14E00ADD73E /* VideoData.swift in Sources */,
				D976FE9E2D4F770700BB6F92 /* VideoDetailsView.swift in Sources */,
				D98582782D460B9900DDBA94 /* RidesSuggestionData.swift in Sources */,
				D978703D2D439C5E00012B8D /* FeaturedRestaurantData.swift in Sources */,
				D98582762D460B9000DDBA94 /* RidesSuggestionResponse.swift in Sources */,
				D9E39D192D44D03C00C106DD /* TabWithLineIndicator.swift in Sources */,
				D983A2EF2D1699FB00A7C3CE /* NewsFeedItem.swift in Sources */,
				D9BD67852D631561001EAFFA /* AirBnbTabResponse.swift in Sources */,
				D9BD678B2D631A31001EAFFA /* HomeView.swift in Sources */,
				D98582742D460B7F00DDBA94 /* RidesHistoryData.swift in Sources */,
				D9084E2E2D38417F0036E871 /* FBCloneHomeView.swift in Sources */,
				D98582722D460B7700DDBA94 /* RidesHistoryResponse.swift in Sources */,
				D9BD677E2D631354001EAFFA /* PlaceOfferResponse.swift in Sources */,
				D95EEB4C2D70E60900CD500D /* BookDetailsView.swift in Sources */,
				D971E45D2D3FBFDB008F93D5 /* RideHistoryResponse.swift in Sources */,
				D92983CF2D50A86E0053E4DA /* VideoSectionData.swift in Sources */,
				CE2F02592BFA2F9200EE3919 /* MainScreen.swift in Sources */,
				D9B258422D193EDC00A23D57 /* ReelsCart.swift in Sources */,
				D9BD67752D62997C001EAFFA /* BookingResponse.swift in Sources */,
				CEB73EAF2BF918A60095F300 /* MaskScreen.swift in Sources */,
				D9BD677A2D6312EE001EAFFA /* DetailData.swift in Sources */,
				D9084E1C2D38253F0036E871 /* FeedResponse.swift in Sources */,
				D9BD67802D63139A001EAFFA /* ReviewListResponse.swift in Sources */,
				D99FA4132D4D174C003FD43A /* ShortsResponse.swift in Sources */,
				D92983D12D50B4110053E4DA /* YTCloneHomeView.swift in Sources */,
				D9F4E40C2D4C9E2800C17ED8 /* VideoCategoriesResponse.swift in Sources */,
				D985827C2D4610ED00DDBA94 /* TabResponse.swift in Sources */,
				D9DC8E252D43D28100216077 /* RecommendedRestaurantData.swift in Sources */,
				D971E45F2D3FC0B3008F93D5 /* RideHistoryData.swift in Sources */,
				D92983CD2D50A85C0053E4DA /* VideoSectionResponse.swift in Sources */,
				D99FA4152D4D1755003FD43A /* ShortsData.swift in Sources */,
				CE8D1ECA2BC29A7E00263EDC /* RingProgressBarScreen.swift in Sources */,
				D9F4E40E2D4C9E4300C17ED8 /* VideoCategoriesData.swift in Sources */,
				D971E4542D3ED923008F93D5 /* UberRidesScreen.swift in Sources */,
				D92793AA2D5657C700E0948D /* BnbCategoryData.swift in Sources */,
				CE31AA302BC1F8A800B9D4EE /* LetsToolsApp.swift in Sources */,
				D985827A2D4610E300DDBA94 /* TabData.swift in Sources */,
				D97F2FA82D4CE14600ADD73E /* VideoResponse.swift in Sources */,
				D92983CA2D50A71A0053E4DA /* CategoryData.swift in Sources */,
				D92793A82D56572500E0948D /* BnbCategories.swift in Sources */,
				D92AC1632D3634530020B56D /* User.swift in Sources */,
				D98582812D4614DA00DDBA94 /* ColorExtension.swift in Sources */,
				D98582682D4609A500DDBA94 /* EatsRestaurantData.swift in Sources */,
				D98582612D46092700DDBA94 /* EatsCategoryResponse.swift in Sources */,
				D92793A62D564C7500E0948D /* AirbnbHomeScreen.swift in Sources */,
				D96260262D6F586000973A1D /* BooksData.swift in Sources */,
				D98582632D46093300DDBA94 /* EatsData.swift in Sources */,
				D9D0E7FE2D0088D5001373E0 /* StoryCart.swift in Sources */,
				D9156D1A2D568B9800A59ED5 /* BnbSitesData.swift in Sources */,
				D9B258402D193EAC00A23D57 /* StoryAndReelTab.swift in Sources */,
				D961696C2D5DE45E004DF017 /* ImageCarousel.swift in Sources */,
				D9084E222D3831D00036E871 /* UserResponse.swift in Sources */,
				D9B4797B2D1A7FE600E84423 /* StatusCard.swift in Sources */,
				D9BD67872D631589001EAFFA /* AirBnBTabData.swift in Sources */,
				D9084E242D3832220036E871 /* StoryData.swift in Sources */,
				CE9D07832C1DF5D8004C1813 /* CutCardScreen.swift in Sources */,
				D9DC8E232D43D27500216077 /* RecommendedRestaurantResponse.swift in Sources */,
				D9BD67822D6313ED001EAFFA /* SleepListResponse.swift in Sources */,
				D9B73E322CF4CA7D00A63E04 /* FBHomeScreen.swift in Sources */,
				D913AADB2D53325400820A45 /* VideoDetailView.swift in Sources */,
				D9BD67732D629969001EAFFA /* BookingData.swift in Sources */,
				D9B479792D1A7F8600E84423 /* HeaderTitleView.swift in Sources */,
				D98582662D46099900DDBA94 /* EatsRestaurantResponse.swift in Sources */,
				D9156D182D568B8700A59ED5 /* BnbSitesResponse.swift in Sources */,
				D9AE5AB32D58758B00452E5A /* AirbnbDetailsScreen.swift in Sources */,
				CE31AA412BC20C9300B9D4EE /* RingProgressBar.swift in Sources */,
				D92983C82D50A7130053E4DA /* CategoryResponse.swift in Sources */,
				D9084E1A2D3825360036E871 /* FeedData.swift in Sources */,
				CE2F025D2BFA4BF000EE3919 /* LoadingView.swift in Sources */,
				D9BD677C2D6312FB001EAFFA /* HostListResponse.swift in Sources */,
				D96F0F072D637F070011BC93 /* DetailView.swift in Sources */,
				D96260242D6F3D1B00973A1D /* BookResponse.swift in Sources */,
				D9BD67782D631235001EAFFA /* DetailResponse.swift in Sources */,
				D9084E262D3832320036E871 /* StoryResponse.swift in Sources */,
				D971E4562D3ED931008F93D5 /* UberEatsScreen.swift in Sources */,
				D985826B2D460A9700DDBA94 /* RidesAdsResponse.swift in Sources */,
				D93452BA2D46336F008769C3 /* UberCloneHomeView.swift in Sources */,
				D9084E202D3831BF0036E871 /* UserData.swift in Sources */,
				CE31AA3E2BC1F8E400B9D4EE /* HomeScreen.swift in Sources */,
			);
			runOnlyForDeploymentPostprocessing = 0;
		};
/* End PBXSourcesBuildPhase section */

/* Begin XCBuildConfiguration section */
		CE31AA382BC1F8AA00B9D4EE /* Debug */ = {
			isa = XCBuildConfiguration;
			buildSettings = {
				ALWAYS_SEARCH_USER_PATHS = NO;
				CLANG_ANALYZER_NONNULL = YES;
				CLANG_ANALYZER_NUMBER_OBJECT_CONVERSION = YES_AGGRESSIVE;
				CLANG_CXX_LANGUAGE_STANDARD = "gnu++20";
				CLANG_ENABLE_MODULES = YES;
				CLANG_ENABLE_OBJC_ARC = YES;
				CLANG_ENABLE_OBJC_WEAK = YES;
				CLANG_WARN_BLOCK_CAPTURE_AUTORELEASING = YES;
				CLANG_WARN_BOOL_CONVERSION = YES;
				CLANG_WARN_COMMA = YES;
				CLANG_WARN_CONSTANT_CONVERSION = YES;
				CLANG_WARN_DEPRECATED_OBJC_IMPLEMENTATIONS = YES;
				CLANG_WARN_DIRECT_OBJC_ISA_USAGE = YES_ERROR;
				CLANG_WARN_DOCUMENTATION_COMMENTS = YES;
				CLANG_WARN_EMPTY_BODY = YES;
				CLANG_WARN_ENUM_CONVERSION = YES;
				CLANG_WARN_INFINITE_RECURSION = YES;
				CLANG_WARN_INT_CONVERSION = YES;
				CLANG_WARN_NON_LITERAL_NULL_CONVERSION = YES;
				CLANG_WARN_OBJC_IMPLICIT_RETAIN_SELF = YES;
				CLANG_WARN_OBJC_LITERAL_CONVERSION = YES;
				CLANG_WARN_OBJC_ROOT_CLASS = YES_ERROR;
				CLANG_WARN_QUOTED_INCLUDE_IN_FRAMEWORK_HEADER = YES;
				CLANG_WARN_RANGE_LOOP_ANALYSIS = YES;
				CLANG_WARN_STRICT_PROTOTYPES = YES;
				CLANG_WARN_SUSPICIOUS_MOVE = YES;
				CLANG_WARN_UNGUARDED_AVAILABILITY = YES_AGGRESSIVE;
				CLANG_WARN_UNREACHABLE_CODE = YES;
				CLANG_WARN__DUPLICATE_METHOD_MATCH = YES;
				COPY_PHASE_STRIP = NO;
				DEBUG_INFORMATION_FORMAT = dwarf;
				ENABLE_STRICT_OBJC_MSGSEND = YES;
				ENABLE_TESTABILITY = YES;
				GCC_C_LANGUAGE_STANDARD = gnu11;
				GCC_DYNAMIC_NO_PIC = NO;
				GCC_NO_COMMON_BLOCKS = YES;
				GCC_OPTIMIZATION_LEVEL = 0;
				GCC_PREPROCESSOR_DEFINITIONS = (
					"DEBUG=1",
					"$(inherited)",
				);
				GCC_WARN_64_TO_32_BIT_CONVERSION = YES;
				GCC_WARN_ABOUT_RETURN_TYPE = YES_ERROR;
				GCC_WARN_UNDECLARED_SELECTOR = YES;
				GCC_WARN_UNINITIALIZED_AUTOS = YES_AGGRESSIVE;
				GCC_WARN_UNUSED_FUNCTION = YES;
				GCC_WARN_UNUSED_VARIABLE = YES;
				IPHONEOS_DEPLOYMENT_TARGET = 16.2;
				MTL_ENABLE_DEBUG_INFO = INCLUDE_SOURCE;
				MTL_FAST_MATH = YES;
				ONLY_ACTIVE_ARCH = YES;
				SDKROOT = iphoneos;
				SWIFT_ACTIVE_COMPILATION_CONDITIONS = DEBUG;
				SWIFT_OPTIMIZATION_LEVEL = "-Onone";
			};
			name = Debug;
		};
		CE31AA392BC1F8AA00B9D4EE /* Release */ = {
			isa = XCBuildConfiguration;
			buildSettings = {
				ALWAYS_SEARCH_USER_PATHS = NO;
				CLANG_ANALYZER_NONNULL = YES;
				CLANG_ANALYZER_NUMBER_OBJECT_CONVERSION = YES_AGGRESSIVE;
				CLANG_CXX_LANGUAGE_STANDARD = "gnu++20";
				CLANG_ENABLE_MODULES = YES;
				CLANG_ENABLE_OBJC_ARC = YES;
				CLANG_ENABLE_OBJC_WEAK = YES;
				CLANG_WARN_BLOCK_CAPTURE_AUTORELEASING = YES;
				CLANG_WARN_BOOL_CONVERSION = YES;
				CLANG_WARN_COMMA = YES;
				CLANG_WARN_CONSTANT_CONVERSION = YES;
				CLANG_WARN_DEPRECATED_OBJC_IMPLEMENTATIONS = YES;
				CLANG_WARN_DIRECT_OBJC_ISA_USAGE = YES_ERROR;
				CLANG_WARN_DOCUMENTATION_COMMENTS = YES;
				CLANG_WARN_EMPTY_BODY = YES;
				CLANG_WARN_ENUM_CONVERSION = YES;
				CLANG_WARN_INFINITE_RECURSION = YES;
				CLANG_WARN_INT_CONVERSION = YES;
				CLANG_WARN_NON_LITERAL_NULL_CONVERSION = YES;
				CLANG_WARN_OBJC_IMPLICIT_RETAIN_SELF = YES;
				CLANG_WARN_OBJC_LITERAL_CONVERSION = YES;
				CLANG_WARN_OBJC_ROOT_CLASS = YES_ERROR;
				CLANG_WARN_QUOTED_INCLUDE_IN_FRAMEWORK_HEADER = YES;
				CLANG_WARN_RANGE_LOOP_ANALYSIS = YES;
				CLANG_WARN_STRICT_PROTOTYPES = YES;
				CLANG_WARN_SUSPICIOUS_MOVE = YES;
				CLANG_WARN_UNGUARDED_AVAILABILITY = YES_AGGRESSIVE;
				CLANG_WARN_UNREACHABLE_CODE = YES;
				CLANG_WARN__DUPLICATE_METHOD_MATCH = YES;
				COPY_PHASE_STRIP = NO;
				DEBUG_INFORMATION_FORMAT = "dwarf-with-dsym";
				ENABLE_NS_ASSERTIONS = NO;
				ENABLE_STRICT_OBJC_MSGSEND = YES;
				GCC_C_LANGUAGE_STANDARD = gnu11;
				GCC_NO_COMMON_BLOCKS = YES;
				GCC_WARN_64_TO_32_BIT_CONVERSION = YES;
				GCC_WARN_ABOUT_RETURN_TYPE = YES_ERROR;
				GCC_WARN_UNDECLARED_SELECTOR = YES;
				GCC_WARN_UNINITIALIZED_AUTOS = YES_AGGRESSIVE;
				GCC_WARN_UNUSED_FUNCTION = YES;
				GCC_WARN_UNUSED_VARIABLE = YES;
				IPHONEOS_DEPLOYMENT_TARGET = 16.2;
				MTL_ENABLE_DEBUG_INFO = NO;
				MTL_FAST_MATH = YES;
				SDKROOT = iphoneos;
				SWIFT_COMPILATION_MODE = wholemodule;
				SWIFT_OPTIMIZATION_LEVEL = "-O";
				VALIDATE_PRODUCT = YES;
			};
			name = Release;
		};
		CE31AA3B2BC1F8AA00B9D4EE /* Debug */ = {
			isa = XCBuildConfiguration;
			buildSettings = {
				ASSETCATALOG_COMPILER_APPICON_NAME = AppIcon;
				ASSETCATALOG_COMPILER_GLOBAL_ACCENT_COLOR_NAME = AccentColor;
				CODE_SIGN_STYLE = Automatic;
				CURRENT_PROJECT_VERSION = 1;
				DEVELOPMENT_ASSET_PATHS = "\"LetsTools/Preview Content\"";
				DEVELOPMENT_TEAM = U6ZR7ZT3Y7;
				ENABLE_PREVIEWS = YES;
				GENERATE_INFOPLIST_FILE = YES;
				INFOPLIST_KEY_UIApplicationSceneManifest_Generation = YES;
				INFOPLIST_KEY_UIApplicationSupportsIndirectInputEvents = YES;
				INFOPLIST_KEY_UILaunchScreen_Generation = YES;
				INFOPLIST_KEY_UISupportedInterfaceOrientations_iPad = "UIInterfaceOrientationPortrait UIInterfaceOrientationPortraitUpsideDown UIInterfaceOrientationLandscapeLeft UIInterfaceOrientationLandscapeRight";
				INFOPLIST_KEY_UISupportedInterfaceOrientations_iPhone = "UIInterfaceOrientationPortrait UIInterfaceOrientationLandscapeLeft UIInterfaceOrientationLandscapeRight";
				IPHONEOS_DEPLOYMENT_TARGET = 17.6;
				LD_RUNPATH_SEARCH_PATHS = (
					"$(inherited)",
					"@executable_path/Frameworks",
				);
				MARKETING_VERSION = 1.0;
				PRODUCT_BUNDLE_IDENTIFIER = com.marajhossain.LetsTools;
				PRODUCT_NAME = "$(TARGET_NAME)";
				SWIFT_EMIT_LOC_STRINGS = YES;
				SWIFT_VERSION = 5.0;
				TARGETED_DEVICE_FAMILY = "1,2";
			};
			name = Debug;
		};
		CE31AA3C2BC1F8AA00B9D4EE /* Release */ = {
			isa = XCBuildConfiguration;
			buildSettings = {
				ASSETCATALOG_COMPILER_APPICON_NAME = AppIcon;
				ASSETCATALOG_COMPILER_GLOBAL_ACCENT_COLOR_NAME = AccentColor;
				CODE_SIGN_STYLE = Automatic;
				CURRENT_PROJECT_VERSION = 1;
				DEVELOPMENT_ASSET_PATHS = "\"LetsTools/Preview Content\"";
				DEVELOPMENT_TEAM = U6ZR7ZT3Y7;
				ENABLE_PREVIEWS = YES;
				GENERATE_INFOPLIST_FILE = YES;
				INFOPLIST_KEY_UIApplicationSceneManifest_Generation = YES;
				INFOPLIST_KEY_UIApplicationSupportsIndirectInputEvents = YES;
				INFOPLIST_KEY_UILaunchScreen_Generation = YES;
				INFOPLIST_KEY_UISupportedInterfaceOrientations_iPad = "UIInterfaceOrientationPortrait UIInterfaceOrientationPortraitUpsideDown UIInterfaceOrientationLandscapeLeft UIInterfaceOrientationLandscapeRight";
				INFOPLIST_KEY_UISupportedInterfaceOrientations_iPhone = "UIInterfaceOrientationPortrait UIInterfaceOrientationLandscapeLeft UIInterfaceOrientationLandscapeRight";
				IPHONEOS_DEPLOYMENT_TARGET = 17.6;
				LD_RUNPATH_SEARCH_PATHS = (
					"$(inherited)",
					"@executable_path/Frameworks",
				);
				MARKETING_VERSION = 1.0;
				PRODUCT_BUNDLE_IDENTIFIER = com.marajhossain.LetsTools;
				PRODUCT_NAME = "$(TARGET_NAME)";
				SWIFT_EMIT_LOC_STRINGS = YES;
				SWIFT_VERSION = 5.0;
				TARGETED_DEVICE_FAMILY = "1,2";
			};
			name = Release;
		};
/* End XCBuildConfiguration section */

/* Begin XCConfigurationList section */
		CE31AA272BC1F8A800B9D4EE /* Build configuration list for PBXProject "LetsTools" */ = {
			isa = XCConfigurationList;
			buildConfigurations = (
				CE31AA382BC1F8AA00B9D4EE /* Debug */,
				CE31AA392BC1F8AA00B9D4EE /* Release */,
			);
			defaultConfigurationIsVisible = 0;
			defaultConfigurationName = Release;
		};
		CE31AA3A2BC1F8AA00B9D4EE /* Build configuration list for PBXNativeTarget "LetsTools" */ = {
			isa = XCConfigurationList;
			buildConfigurations = (
				CE31AA3B2BC1F8AA00B9D4EE /* Debug */,
				CE31AA3C2BC1F8AA00B9D4EE /* Release */,
			);
			defaultConfigurationIsVisible = 0;
			defaultConfigurationName = Release;
		};
/* End XCConfigurationList section */

/* Begin XCRemoteSwiftPackageReference section */
		D962E1432D38625600C7CBA1 /* XCRemoteSwiftPackageReference "Kingfisher" */ = {
			isa = XCRemoteSwiftPackageReference;
			repositoryURL = "https://github.com/onevcat/Kingfisher.git";
			requirement = {
				kind = upToNextMajorVersion;
				minimumVersion = 8.1.3;
			};
		};
/* End XCRemoteSwiftPackageReference section */

/* Begin XCSwiftPackageProductDependency section */
		D962E1442D38625600C7CBA1 /* Kingfisher */ = {
			isa = XCSwiftPackageProductDependency;
			package = D962E1432D38625600C7CBA1 /* XCRemoteSwiftPackageReference "Kingfisher" */;
			productName = Kingfisher;
		};
/* End XCSwiftPackageProductDependency section */
	};
	rootObject = CE31AA242BC1F8A800B9D4EE /* Project object */;
}
